
Microsoft Visual Studio Solution File, Format Version 12.00
# Visual Studio Version 16
VisualStudioVersion = 16.0.30523.141
MinimumVisualStudioVersion = 10.0.40219.1
Project("{9A19103F-16F7-4668-BE54-9A1E7A4F7556}") = "01. Computer Store", "01. Computer Store\01. Computer Store.csproj", "{41E2A8FC-6D0E-4C69-8CD5-872AF48016A0}"
EndProject
Project("{FAE04EC0-301F-11D3-BF4B-00C04F79EFBC}") = "02. The Lift", "02. The Lift\02. The Lift.csproj", "{33ED3C9F-B8E1-42C7-AF8F-D3A1E2D05A6B}"
EndProject
Project("{FAE04EC0-301F-11D3-BF4B-00C04F79EFBC}") = "03. Memory Game", "03. Memory Game\03. Memory Game.csproj", "{C3857E73-8514-407A-B3A8-4495B97AE8AF}"
EndProject
Global
	GlobalSection(SolutionConfigurationPlatforms) = preSolution
		Debug|Any CPU = Debug|Any CPU
		Release|Any CPU = Release|Any CPU
	EndGlobalSection
	GlobalSection(ProjectConfigurationPlatforms) = postSolution
		{41E2A8FC-6D0E-4C69-8CD5-872AF48016A0}.Debug|Any CPU.ActiveCfg = Debug|Any CPU
		{41E2A8FC-6D0E-4C69-8CD5-872AF48016A0}.Debug|Any CPU.Build.0 = Debug|Any CPU
		{41E2A8FC-6D0E-4C69-8CD5-872AF48016A0}.Release|Any CPU.ActiveCfg = Release|Any CPU
		{41E2A8FC-6D0E-4C69-8CD5-872AF48016A0}.Release|Any CPU.Build.0 = Release|Any CPU
		{33ED3C9F-B8E1-42C7-AF8F-D3A1E2D05A6B}.Debug|Any CPU.ActiveCfg = Debug|Any CPU
		{33ED3C9F-B8E1-42C7-AF8F-D3A1E2D05A6B}.Debug|Any CPU.Build.0 = Debug|Any CPU
		{33ED3C9F-B8E1-42C7-AF8F-D3A1E2D05A6B}.Release|Any CPU.ActiveCfg = Release|Any CPU
		{33ED3C9F-B8E1-42C7-AF8F-D3A1E2D05A6B}.Release|Any CPU.Build.0 = Release|Any CPU
		{C3857E73-8514-407A-B3A8-4495B97AE8AF}.Debug|Any CPU.ActiveCfg = Debug|Any CPU
		{C3857E73-8514-407A-B3A8-4495B97AE8AF}.Debug|Any CPU.Build.0 = Debug|Any CPU
		{C3857E73-8514-407A-B3A8-4495B97AE8AF}.Release|Any CPU.ActiveCfg = Release|Any CPU
		{C3857E73-8514-407A-B3A8-4495B97AE8AF}.Release|Any CPU.Build.0 = Release|Any CPU
	EndGlobalSection
	GlobalSection(SolutionProperties) = preSolution
		HideSolutionNode = FALSE
	EndGlobalSection
	GlobalSection(ExtensibilityGlobals) = postSolution
		SolutionGuid = {94A55E14-3520-46CA-9C76-242B2F82CA2A}
	EndGlobalSection
EndGlobal
